// !$*UTF8*$!
{
	archiveVersion = 1;
	classes = {
	};
	objectVersion = 46;
	objects = {

/* Begin PBXBuildFile section */
		88D4F7018FFFBF0BA6279F96 /* Pods_The_Wild_Card_App.framework in Frameworks */ = {isa = PBXBuildFile; fileRef = 2D9BC3186F1B952BDD46BC55 /* Pods_The_Wild_Card_App.framework */; };
		B7227C1C1F04DD4800B825F2 /* WildcardView_ViewSetupProtocol.swift in Sources */ = {isa = PBXBuildFile; fileRef = B7227C1B1F04DD4800B825F2 /* WildcardView_ViewSetupProtocol.swift */; };
		B7227C1F1F04E09C00B825F2 /* WildcardView_DraggingProtocol.swift in Sources */ = {isa = PBXBuildFile; fileRef = B7227C1E1F04E09C00B825F2 /* WildcardView_DraggingProtocol.swift */; };
		B7227C211F04E6B300B825F2 /* WildcardView_SwipingProtocol.swift in Sources */ = {isa = PBXBuildFile; fileRef = B7227C201F04E6B300B825F2 /* WildcardView_SwipingProtocol.swift */; };
		B7227C231F04E70800B825F2 /* WildcardViewProtocols.swift in Sources */ = {isa = PBXBuildFile; fileRef = B7227C221F04E70800B825F2 /* WildcardViewProtocols.swift */; };
		B7227C241F04F26400B825F2 /* WildcardViewProtocols.swift in Sources */ = {isa = PBXBuildFile; fileRef = B7227C221F04E70800B825F2 /* WildcardViewProtocols.swift */; };
		B7227C251F04F26400B825F2 /* WildcardViewProtocols.swift in Sources */ = {isa = PBXBuildFile; fileRef = B7227C221F04E70800B825F2 /* WildcardViewProtocols.swift */; };
		B7227C261F04F26700B825F2 /* WildcardView_SwipingProtocol.swift in Sources */ = {isa = PBXBuildFile; fileRef = B7227C201F04E6B300B825F2 /* WildcardView_SwipingProtocol.swift */; };
		B7227C271F04F26700B825F2 /* WildcardView_SwipingProtocol.swift in Sources */ = {isa = PBXBuildFile; fileRef = B7227C201F04E6B300B825F2 /* WildcardView_SwipingProtocol.swift */; };
		B7227C281F04F26A00B825F2 /* WildcardView_DraggingProtocol.swift in Sources */ = {isa = PBXBuildFile; fileRef = B7227C1E1F04E09C00B825F2 /* WildcardView_DraggingProtocol.swift */; };
		B7227C291F04F26A00B825F2 /* WildcardView_DraggingProtocol.swift in Sources */ = {isa = PBXBuildFile; fileRef = B7227C1E1F04E09C00B825F2 /* WildcardView_DraggingProtocol.swift */; };
		B7227C2A1F04F26D00B825F2 /* WildcardView_ViewSetupProtocol.swift in Sources */ = {isa = PBXBuildFile; fileRef = B7227C1B1F04DD4800B825F2 /* WildcardView_ViewSetupProtocol.swift */; };
		B7227C2B1F04F26D00B825F2 /* WildcardView_ViewSetupProtocol.swift in Sources */ = {isa = PBXBuildFile; fileRef = B7227C1B1F04DD4800B825F2 /* WildcardView_ViewSetupProtocol.swift */; };
		B7227C2C1F05395A00B825F2 /* LoadingManager.swift in Sources */ = {isa = PBXBuildFile; fileRef = B7C333441F024BB000038D4B /* LoadingManager.swift */; };
		B7227C2D1F05395B00B825F2 /* LoadingManager.swift in Sources */ = {isa = PBXBuildFile; fileRef = B7C333441F024BB000038D4B /* LoadingManager.swift */; };
		B733166A1F0114510002A50E /* AppDelegate.swift in Sources */ = {isa = PBXBuildFile; fileRef = B73316691F0114510002A50E /* AppDelegate.swift */; };
		B73316711F0114510002A50E /* Assets.xcassets in Resources */ = {isa = PBXBuildFile; fileRef = B73316701F0114510002A50E /* Assets.xcassets */; };
		B73316741F0114510002A50E /* LaunchScreen.storyboard in Resources */ = {isa = PBXBuildFile; fileRef = B73316721F0114510002A50E /* LaunchScreen.storyboard */; };
		B733167F1F0114510002A50E /* The_Wild_Card_AppTests.swift in Sources */ = {isa = PBXBuildFile; fileRef = B733167E1F0114510002A50E /* The_Wild_Card_AppTests.swift */; };
		B733168A1F0114510002A50E /* The_Wild_Card_AppUITests.swift in Sources */ = {isa = PBXBuildFile; fileRef = B73316891F0114510002A50E /* The_Wild_Card_AppUITests.swift */; };
		B73316A41F0118430002A50E /* RootProtocols.swift in Sources */ = {isa = PBXBuildFile; fileRef = B733169A1F0118430002A50E /* RootProtocols.swift */; };
		B73316A51F0118430002A50E /* RootProtocols.swift in Sources */ = {isa = PBXBuildFile; fileRef = B733169A1F0118430002A50E /* RootProtocols.swift */; };
		B73316A61F0118430002A50E /* RootProtocols.swift in Sources */ = {isa = PBXBuildFile; fileRef = B733169A1F0118430002A50E /* RootProtocols.swift */; };
		B73316A71F0118430002A50E /* RootRouter.swift in Sources */ = {isa = PBXBuildFile; fileRef = B733169B1F0118430002A50E /* RootRouter.swift */; };
		B73316A81F0118430002A50E /* RootRouter.swift in Sources */ = {isa = PBXBuildFile; fileRef = B733169B1F0118430002A50E /* RootRouter.swift */; };
		B73316A91F0118430002A50E /* RootRouter.swift in Sources */ = {isa = PBXBuildFile; fileRef = B733169B1F0118430002A50E /* RootRouter.swift */; };
		B73316B71F0119550002A50E /* WildcardsInteractor.swift in Sources */ = {isa = PBXBuildFile; fileRef = B73316B11F0119550002A50E /* WildcardsInteractor.swift */; };
		B73316B81F0119550002A50E /* WildcardsInteractor.swift in Sources */ = {isa = PBXBuildFile; fileRef = B73316B11F0119550002A50E /* WildcardsInteractor.swift */; };
		B73316B91F0119550002A50E /* WildcardsInteractor.swift in Sources */ = {isa = PBXBuildFile; fileRef = B73316B11F0119550002A50E /* WildcardsInteractor.swift */; };
		B73316BA1F0119550002A50E /* WildcardsPresenter.swift in Sources */ = {isa = PBXBuildFile; fileRef = B73316B21F0119550002A50E /* WildcardsPresenter.swift */; };
		B73316BB1F0119550002A50E /* WildcardsPresenter.swift in Sources */ = {isa = PBXBuildFile; fileRef = B73316B21F0119550002A50E /* WildcardsPresenter.swift */; };
		B73316BC1F0119550002A50E /* WildcardsPresenter.swift in Sources */ = {isa = PBXBuildFile; fileRef = B73316B21F0119550002A50E /* WildcardsPresenter.swift */; };
		B73316BD1F0119550002A50E /* WildcardsProtocols.swift in Sources */ = {isa = PBXBuildFile; fileRef = B73316B31F0119550002A50E /* WildcardsProtocols.swift */; };
		B73316BE1F0119550002A50E /* WildcardsProtocols.swift in Sources */ = {isa = PBXBuildFile; fileRef = B73316B31F0119550002A50E /* WildcardsProtocols.swift */; };
		B73316BF1F0119550002A50E /* WildcardsProtocols.swift in Sources */ = {isa = PBXBuildFile; fileRef = B73316B31F0119550002A50E /* WildcardsProtocols.swift */; };
		B73316C01F0119550002A50E /* WildcardsRouter.swift in Sources */ = {isa = PBXBuildFile; fileRef = B73316B41F0119550002A50E /* WildcardsRouter.swift */; };
		B73316C11F0119550002A50E /* WildcardsRouter.swift in Sources */ = {isa = PBXBuildFile; fileRef = B73316B41F0119550002A50E /* WildcardsRouter.swift */; };
		B73316C21F0119550002A50E /* WildcardsRouter.swift in Sources */ = {isa = PBXBuildFile; fileRef = B73316B41F0119550002A50E /* WildcardsRouter.swift */; };
		B73316C31F0119550002A50E /* WildcardsViewController.swift in Sources */ = {isa = PBXBuildFile; fileRef = B73316B51F0119550002A50E /* WildcardsViewController.swift */; };
		B73316C41F0119550002A50E /* WildcardsViewController.swift in Sources */ = {isa = PBXBuildFile; fileRef = B73316B51F0119550002A50E /* WildcardsViewController.swift */; };
		B73316C51F0119550002A50E /* WildcardsViewController.swift in Sources */ = {isa = PBXBuildFile; fileRef = B73316B51F0119550002A50E /* WildcardsViewController.swift */; };
		B73316C61F0119550002A50E /* WildcardsViewController.xib in Resources */ = {isa = PBXBuildFile; fileRef = B73316B61F0119550002A50E /* WildcardsViewController.xib */; };
		B73316C71F0119550002A50E /* WildcardsViewController.xib in Resources */ = {isa = PBXBuildFile; fileRef = B73316B61F0119550002A50E /* WildcardsViewController.xib */; };
		B73316C81F0119550002A50E /* WildcardsViewController.xib in Resources */ = {isa = PBXBuildFile; fileRef = B73316B61F0119550002A50E /* WildcardsViewController.xib */; };
		B73316CA1F0131CE0002A50E /* WildcardView.swift in Sources */ = {isa = PBXBuildFile; fileRef = B73316C91F0131CE0002A50E /* WildcardView.swift */; };
		B73316CB1F0131CE0002A50E /* WildcardView.swift in Sources */ = {isa = PBXBuildFile; fileRef = B73316C91F0131CE0002A50E /* WildcardView.swift */; };
		B73316CC1F0131CE0002A50E /* WildcardView.swift in Sources */ = {isa = PBXBuildFile; fileRef = B73316C91F0131CE0002A50E /* WildcardView.swift */; };
		B73316CE1F01369D0002A50E /* OverlayView.swift in Sources */ = {isa = PBXBuildFile; fileRef = B73316CD1F01369D0002A50E /* OverlayView.swift */; };
		B73316CF1F01369D0002A50E /* OverlayView.swift in Sources */ = {isa = PBXBuildFile; fileRef = B73316CD1F01369D0002A50E /* OverlayView.swift */; };
		B73316D01F01369D0002A50E /* OverlayView.swift in Sources */ = {isa = PBXBuildFile; fileRef = B73316CD1F01369D0002A50E /* OverlayView.swift */; };
		B73316D21F023AA40002A50E /* WildcardContainer.swift in Sources */ = {isa = PBXBuildFile; fileRef = B73316D11F023AA40002A50E /* WildcardContainer.swift */; };
		B73316D31F023AA40002A50E /* WildcardContainer.swift in Sources */ = {isa = PBXBuildFile; fileRef = B73316D11F023AA40002A50E /* WildcardContainer.swift */; };
		B73316D41F023AA40002A50E /* WildcardContainer.swift in Sources */ = {isa = PBXBuildFile; fileRef = B73316D11F023AA40002A50E /* WildcardContainer.swift */; };
		B73316D61F023C980002A50E /* WildcardEntity.swift in Sources */ = {isa = PBXBuildFile; fileRef = B73316D51F023C980002A50E /* WildcardEntity.swift */; };
		B73316D71F023C980002A50E /* WildcardEntity.swift in Sources */ = {isa = PBXBuildFile; fileRef = B73316D51F023C980002A50E /* WildcardEntity.swift */; };
		B73316D81F023C980002A50E /* WildcardEntity.swift in Sources */ = {isa = PBXBuildFile; fileRef = B73316D51F023C980002A50E /* WildcardEntity.swift */; };
		B73316DB1F023E3A0002A50E /* NetworkManager.swift in Sources */ = {isa = PBXBuildFile; fileRef = B73316DA1F023E3A0002A50E /* NetworkManager.swift */; };
		B73316DC1F023E3A0002A50E /* NetworkManager.swift in Sources */ = {isa = PBXBuildFile; fileRef = B73316DA1F023E3A0002A50E /* NetworkManager.swift */; };
		B73316DD1F023E3A0002A50E /* NetworkManager.swift in Sources */ = {isa = PBXBuildFile; fileRef = B73316DA1F023E3A0002A50E /* NetworkManager.swift */; };
		B73316DF1F023E8E0002A50E /* FetchCommand.swift in Sources */ = {isa = PBXBuildFile; fileRef = B73316DE1F023E8E0002A50E /* FetchCommand.swift */; };
		B73316E01F023E8E0002A50E /* FetchCommand.swift in Sources */ = {isa = PBXBuildFile; fileRef = B73316DE1F023E8E0002A50E /* FetchCommand.swift */; };
		B73316E11F023E8E0002A50E /* FetchCommand.swift in Sources */ = {isa = PBXBuildFile; fileRef = B73316DE1F023E8E0002A50E /* FetchCommand.swift */; };
		B73316E31F023FDF0002A50E /* WildcardResponse.swift in Sources */ = {isa = PBXBuildFile; fileRef = B73316E21F023FDF0002A50E /* WildcardResponse.swift */; };
		B73316E41F023FDF0002A50E /* WildcardResponse.swift in Sources */ = {isa = PBXBuildFile; fileRef = B73316E21F023FDF0002A50E /* WildcardResponse.swift */; };
		B73316E51F023FDF0002A50E /* WildcardResponse.swift in Sources */ = {isa = PBXBuildFile; fileRef = B73316E21F023FDF0002A50E /* WildcardResponse.swift */; };
		B79700F81F46E27300C3A67C /* FilterInteractor.swift in Sources */ = {isa = PBXBuildFile; fileRef = B79700F21F46E27300C3A67C /* FilterInteractor.swift */; };
		B79700F91F46E27300C3A67C /* FilterPresenter.swift in Sources */ = {isa = PBXBuildFile; fileRef = B79700F31F46E27300C3A67C /* FilterPresenter.swift */; };
		B79700FA1F46E27300C3A67C /* FilterProtocols.swift in Sources */ = {isa = PBXBuildFile; fileRef = B79700F41F46E27300C3A67C /* FilterProtocols.swift */; };
		B79700FB1F46E27300C3A67C /* FilterRouter.swift in Sources */ = {isa = PBXBuildFile; fileRef = B79700F51F46E27300C3A67C /* FilterRouter.swift */; };
		B79700FC1F46E27300C3A67C /* FilterViewController.swift in Sources */ = {isa = PBXBuildFile; fileRef = B79700F61F46E27300C3A67C /* FilterViewController.swift */; };
		B79700FD1F46E27300C3A67C /* FilterViewController.xib in Resources */ = {isa = PBXBuildFile; fileRef = B79700F71F46E27300C3A67C /* FilterViewController.xib */; };
		B79701001F46E64800C3A67C /* User.swift in Sources */ = {isa = PBXBuildFile; fileRef = B79700FF1F46E64800C3A67C /* User.swift */; };
		B79701021F46E74C00C3A67C /* FilterViewController_SliderDelegate.swift in Sources */ = {isa = PBXBuildFile; fileRef = B79701011F46E74C00C3A67C /* FilterViewController_SliderDelegate.swift */; };
		B7C333451F024BB000038D4B /* LoadingManager.swift in Sources */ = {isa = PBXBuildFile; fileRef = B7C333441F024BB000038D4B /* LoadingManager.swift */; };
		D3891151CF8158100A33D701 /* Pods_The_Wild_Card_AppUITests.framework in Frameworks */ = {isa = PBXBuildFile; fileRef = 9FAC7D8D7911A277C149AE6E /* Pods_The_Wild_Card_AppUITests.framework */; };
		F3312549E379B84D101A0103 /* Pods_The_Wild_Card_AppTests.framework in Frameworks */ = {isa = PBXBuildFile; fileRef = 34AD2DDD5DE731AE0CFD6125 /* Pods_The_Wild_Card_AppTests.framework */; };
/* End PBXBuildFile section */

/* Begin PBXContainerItemProxy section */
		B733167B1F0114510002A50E /* PBXContainerItemProxy */ = {
			isa = PBXContainerItemProxy;
			containerPortal = B733165E1F0114510002A50E /* Project object */;
			proxyType = 1;
			remoteGlobalIDString = B73316651F0114510002A50E;
			remoteInfo = "The Wild Card App";
		};
		B73316861F0114510002A50E /* PBXContainerItemProxy */ = {
			isa = PBXContainerItemProxy;
			containerPortal = B733165E1F0114510002A50E /* Project object */;
			proxyType = 1;
			remoteGlobalIDString = B73316651F0114510002A50E;
			remoteInfo = "The Wild Card App";
		};
/* End PBXContainerItemProxy section */

/* Begin PBXFileReference section */
		02641D80EAC02F4125048C67 /* Pods-The Wild Card AppUITests.release.xcconfig */ = {isa = PBXFileReference; includeInIndex = 1; lastKnownFileType = text.xcconfig; name = "Pods-The Wild Card AppUITests.release.xcconfig"; path = "Pods/Target Support Files/Pods-The Wild Card AppUITests/Pods-The Wild Card AppUITests.release.xcconfig"; sourceTree = "<group>"; };
		0CC5EF3B44EF38C02ADFA40A /* Pods-The Wild Card AppTests.release.xcconfig */ = {isa = PBXFileReference; includeInIndex = 1; lastKnownFileType = text.xcconfig; name = "Pods-The Wild Card AppTests.release.xcconfig"; path = "Pods/Target Support Files/Pods-The Wild Card AppTests/Pods-The Wild Card AppTests.release.xcconfig"; sourceTree = "<group>"; };
		2D9BC3186F1B952BDD46BC55 /* Pods_The_Wild_Card_App.framework */ = {isa = PBXFileReference; explicitFileType = wrapper.framework; includeInIndex = 0; path = Pods_The_Wild_Card_App.framework; sourceTree = BUILT_PRODUCTS_DIR; };
		34AD2DDD5DE731AE0CFD6125 /* Pods_The_Wild_Card_AppTests.framework */ = {isa = PBXFileReference; explicitFileType = wrapper.framework; includeInIndex = 0; path = Pods_The_Wild_Card_AppTests.framework; sourceTree = BUILT_PRODUCTS_DIR; };
		60B265FECF0C1775FED145BA /* Pods-The Wild Card AppUITests.debug.xcconfig */ = {isa = PBXFileReference; includeInIndex = 1; lastKnownFileType = text.xcconfig; name = "Pods-The Wild Card AppUITests.debug.xcconfig"; path = "Pods/Target Support Files/Pods-The Wild Card AppUITests/Pods-The Wild Card AppUITests.debug.xcconfig"; sourceTree = "<group>"; };
		9CB3548174120CBD800D819F /* Pods-The Wild Card App.debug.xcconfig */ = {isa = PBXFileReference; includeInIndex = 1; lastKnownFileType = text.xcconfig; name = "Pods-The Wild Card App.debug.xcconfig"; path = "Pods/Target Support Files/Pods-The Wild Card App/Pods-The Wild Card App.debug.xcconfig"; sourceTree = "<group>"; };
		9FAC7D8D7911A277C149AE6E /* Pods_The_Wild_Card_AppUITests.framework */ = {isa = PBXFileReference; explicitFileType = wrapper.framework; includeInIndex = 0; path = Pods_The_Wild_Card_AppUITests.framework; sourceTree = BUILT_PRODUCTS_DIR; };
		B7227C1B1F04DD4800B825F2 /* WildcardView_ViewSetupProtocol.swift */ = {isa = PBXFileReference; fileEncoding = 4; lastKnownFileType = sourcecode.swift; path = WildcardView_ViewSetupProtocol.swift; sourceTree = "<group>"; };
		B7227C1E1F04E09C00B825F2 /* WildcardView_DraggingProtocol.swift */ = {isa = PBXFileReference; fileEncoding = 4; lastKnownFileType = sourcecode.swift; path = WildcardView_DraggingProtocol.swift; sourceTree = "<group>"; };
		B7227C201F04E6B300B825F2 /* WildcardView_SwipingProtocol.swift */ = {isa = PBXFileReference; fileEncoding = 4; lastKnownFileType = sourcecode.swift; path = WildcardView_SwipingProtocol.swift; sourceTree = "<group>"; };
		B7227C221F04E70800B825F2 /* WildcardViewProtocols.swift */ = {isa = PBXFileReference; fileEncoding = 4; lastKnownFileType = sourcecode.swift; path = WildcardViewProtocols.swift; sourceTree = "<group>"; };
		B73316661F0114510002A50E /* The Wild Card App.app */ = {isa = PBXFileReference; explicitFileType = wrapper.application; includeInIndex = 0; path = "The Wild Card App.app"; sourceTree = BUILT_PRODUCTS_DIR; };
		B73316691F0114510002A50E /* AppDelegate.swift */ = {isa = PBXFileReference; lastKnownFileType = sourcecode.swift; path = AppDelegate.swift; sourceTree = "<group>"; };
		B73316701F0114510002A50E /* Assets.xcassets */ = {isa = PBXFileReference; lastKnownFileType = folder.assetcatalog; path = Assets.xcassets; sourceTree = "<group>"; };
		B73316731F0114510002A50E /* Base */ = {isa = PBXFileReference; lastKnownFileType = file.storyboard; name = Base; path = Base.lproj/LaunchScreen.storyboard; sourceTree = "<group>"; };
		B73316751F0114510002A50E /* Info.plist */ = {isa = PBXFileReference; lastKnownFileType = text.plist.xml; path = Info.plist; sourceTree = "<group>"; };
		B733167A1F0114510002A50E /* The Wild Card AppTests.xctest */ = {isa = PBXFileReference; explicitFileType = wrapper.cfbundle; includeInIndex = 0; path = "The Wild Card AppTests.xctest"; sourceTree = BUILT_PRODUCTS_DIR; };
		B733167E1F0114510002A50E /* The_Wild_Card_AppTests.swift */ = {isa = PBXFileReference; lastKnownFileType = sourcecode.swift; path = The_Wild_Card_AppTests.swift; sourceTree = "<group>"; };
		B73316801F0114510002A50E /* Info.plist */ = {isa = PBXFileReference; lastKnownFileType = text.plist.xml; path = Info.plist; sourceTree = "<group>"; };
		B73316851F0114510002A50E /* The Wild Card AppUITests.xctest */ = {isa = PBXFileReference; explicitFileType = wrapper.cfbundle; includeInIndex = 0; path = "The Wild Card AppUITests.xctest"; sourceTree = BUILT_PRODUCTS_DIR; };
		B73316891F0114510002A50E /* The_Wild_Card_AppUITests.swift */ = {isa = PBXFileReference; lastKnownFileType = sourcecode.swift; path = The_Wild_Card_AppUITests.swift; sourceTree = "<group>"; };
		B733168B1F0114510002A50E /* Info.plist */ = {isa = PBXFileReference; lastKnownFileType = text.plist.xml; path = Info.plist; sourceTree = "<group>"; };
		B733169A1F0118430002A50E /* RootProtocols.swift */ = {isa = PBXFileReference; fileEncoding = 4; lastKnownFileType = sourcecode.swift; path = RootProtocols.swift; sourceTree = "<group>"; };
		B733169B1F0118430002A50E /* RootRouter.swift */ = {isa = PBXFileReference; fileEncoding = 4; lastKnownFileType = sourcecode.swift; path = RootRouter.swift; sourceTree = "<group>"; };
		B73316B11F0119550002A50E /* WildcardsInteractor.swift */ = {isa = PBXFileReference; fileEncoding = 4; lastKnownFileType = sourcecode.swift; path = WildcardsInteractor.swift; sourceTree = "<group>"; };
		B73316B21F0119550002A50E /* WildcardsPresenter.swift */ = {isa = PBXFileReference; fileEncoding = 4; lastKnownFileType = sourcecode.swift; path = WildcardsPresenter.swift; sourceTree = "<group>"; };
		B73316B31F0119550002A50E /* WildcardsProtocols.swift */ = {isa = PBXFileReference; fileEncoding = 4; lastKnownFileType = sourcecode.swift; path = WildcardsProtocols.swift; sourceTree = "<group>"; };
		B73316B41F0119550002A50E /* WildcardsRouter.swift */ = {isa = PBXFileReference; fileEncoding = 4; lastKnownFileType = sourcecode.swift; path = WildcardsRouter.swift; sourceTree = "<group>"; };
		B73316B51F0119550002A50E /* WildcardsViewController.swift */ = {isa = PBXFileReference; fileEncoding = 4; lastKnownFileType = sourcecode.swift; path = WildcardsViewController.swift; sourceTree = "<group>"; };
		B73316B61F0119550002A50E /* WildcardsViewController.xib */ = {isa = PBXFileReference; fileEncoding = 4; lastKnownFileType = file.xib; path = WildcardsViewController.xib; sourceTree = "<group>"; };
		B73316C91F0131CE0002A50E /* WildcardView.swift */ = {isa = PBXFileReference; fileEncoding = 4; lastKnownFileType = sourcecode.swift; path = WildcardView.swift; sourceTree = "<group>"; };
		B73316CD1F01369D0002A50E /* OverlayView.swift */ = {isa = PBXFileReference; fileEncoding = 4; lastKnownFileType = sourcecode.swift; path = OverlayView.swift; sourceTree = "<group>"; };
		B73316D11F023AA40002A50E /* WildcardContainer.swift */ = {isa = PBXFileReference; fileEncoding = 4; lastKnownFileType = sourcecode.swift; path = WildcardContainer.swift; sourceTree = "<group>"; };
		B73316D51F023C980002A50E /* WildcardEntity.swift */ = {isa = PBXFileReference; fileEncoding = 4; lastKnownFileType = sourcecode.swift; path = WildcardEntity.swift; sourceTree = "<group>"; };
		B73316DA1F023E3A0002A50E /* NetworkManager.swift */ = {isa = PBXFileReference; fileEncoding = 4; lastKnownFileType = sourcecode.swift; path = NetworkManager.swift; sourceTree = "<group>"; };
		B73316DE1F023E8E0002A50E /* FetchCommand.swift */ = {isa = PBXFileReference; fileEncoding = 4; lastKnownFileType = sourcecode.swift; path = FetchCommand.swift; sourceTree = "<group>"; };
		B73316E21F023FDF0002A50E /* WildcardResponse.swift */ = {isa = PBXFileReference; fileEncoding = 4; lastKnownFileType = sourcecode.swift; path = WildcardResponse.swift; sourceTree = "<group>"; };
		B79700F21F46E27300C3A67C /* FilterInteractor.swift */ = {isa = PBXFileReference; fileEncoding = 4; lastKnownFileType = sourcecode.swift; path = FilterInteractor.swift; sourceTree = "<group>"; };
		B79700F31F46E27300C3A67C /* FilterPresenter.swift */ = {isa = PBXFileReference; fileEncoding = 4; lastKnownFileType = sourcecode.swift; path = FilterPresenter.swift; sourceTree = "<group>"; };
		B79700F41F46E27300C3A67C /* FilterProtocols.swift */ = {isa = PBXFileReference; fileEncoding = 4; lastKnownFileType = sourcecode.swift; path = FilterProtocols.swift; sourceTree = "<group>"; };
		B79700F51F46E27300C3A67C /* FilterRouter.swift */ = {isa = PBXFileReference; fileEncoding = 4; lastKnownFileType = sourcecode.swift; path = FilterRouter.swift; sourceTree = "<group>"; };
		B79700F61F46E27300C3A67C /* FilterViewController.swift */ = {isa = PBXFileReference; fileEncoding = 4; lastKnownFileType = sourcecode.swift; path = FilterViewController.swift; sourceTree = "<group>"; };
		B79700F71F46E27300C3A67C /* FilterViewController.xib */ = {isa = PBXFileReference; fileEncoding = 4; lastKnownFileType = file.xib; path = FilterViewController.xib; sourceTree = "<group>"; };
		B79700FF1F46E64800C3A67C /* User.swift */ = {isa = PBXFileReference; fileEncoding = 4; lastKnownFileType = sourcecode.swift; path = User.swift; sourceTree = "<group>"; };
		B79701011F46E74C00C3A67C /* FilterViewController_SliderDelegate.swift */ = {isa = PBXFileReference; fileEncoding = 4; lastKnownFileType = sourcecode.swift; path = FilterViewController_SliderDelegate.swift; sourceTree = "<group>"; };
		B7C333441F024BB000038D4B /* LoadingManager.swift */ = {isa = PBXFileReference; fileEncoding = 4; lastKnownFileType = sourcecode.swift; path = LoadingManager.swift; sourceTree = "<group>"; };
		F468F9D1F7C16D37E78C93FF /* Pods-The Wild Card App.release.xcconfig */ = {isa = PBXFileReference; includeInIndex = 1; lastKnownFileType = text.xcconfig; name = "Pods-The Wild Card App.release.xcconfig"; path = "Pods/Target Support Files/Pods-The Wild Card App/Pods-The Wild Card App.release.xcconfig"; sourceTree = "<group>"; };
		F72BF0D207D13606145B7627 /* Pods-The Wild Card AppTests.debug.xcconfig */ = {isa = PBXFileReference; includeInIndex = 1; lastKnownFileType = text.xcconfig; name = "Pods-The Wild Card AppTests.debug.xcconfig"; path = "Pods/Target Support Files/Pods-The Wild Card AppTests/Pods-The Wild Card AppTests.debug.xcconfig"; sourceTree = "<group>"; };
/* End PBXFileReference section */

/* Begin PBXFrameworksBuildPhase section */
		B73316631F0114510002A50E /* Frameworks */ = {
			isa = PBXFrameworksBuildPhase;
			buildActionMask = 2147483647;
			files = (
				88D4F7018FFFBF0BA6279F96 /* Pods_The_Wild_Card_App.framework in Frameworks */,
			);
			runOnlyForDeploymentPostprocessing = 0;
		};
		B73316771F0114510002A50E /* Frameworks */ = {
			isa = PBXFrameworksBuildPhase;
			buildActionMask = 2147483647;
			files = (
				F3312549E379B84D101A0103 /* Pods_The_Wild_Card_AppTests.framework in Frameworks */,
			);
			runOnlyForDeploymentPostprocessing = 0;
		};
		B73316821F0114510002A50E /* Frameworks */ = {
			isa = PBXFrameworksBuildPhase;
			buildActionMask = 2147483647;
			files = (
				D3891151CF8158100A33D701 /* Pods_The_Wild_Card_AppUITests.framework in Frameworks */,
			);
			runOnlyForDeploymentPostprocessing = 0;
		};
/* End PBXFrameworksBuildPhase section */

/* Begin PBXGroup section */
		5565114E4AE3902B472A6B04 /* Pods */ = {
			isa = PBXGroup;
			children = (
				9CB3548174120CBD800D819F /* Pods-The Wild Card App.debug.xcconfig */,
				F468F9D1F7C16D37E78C93FF /* Pods-The Wild Card App.release.xcconfig */,
				F72BF0D207D13606145B7627 /* Pods-The Wild Card AppTests.debug.xcconfig */,
				0CC5EF3B44EF38C02ADFA40A /* Pods-The Wild Card AppTests.release.xcconfig */,
				60B265FECF0C1775FED145BA /* Pods-The Wild Card AppUITests.debug.xcconfig */,
				02641D80EAC02F4125048C67 /* Pods-The Wild Card AppUITests.release.xcconfig */,
			);
			name = Pods;
			sourceTree = "<group>";
		};
		B7227C1D1F04E06800B825F2 /* Wildcard */ = {
			isa = PBXGroup;
			children = (
				B73316CD1F01369D0002A50E /* OverlayView.swift */,
				B73316D11F023AA40002A50E /* WildcardContainer.swift */,
				B73316C91F0131CE0002A50E /* WildcardView.swift */,
				B7227C1B1F04DD4800B825F2 /* WildcardView_ViewSetupProtocol.swift */,
				B7227C1E1F04E09C00B825F2 /* WildcardView_DraggingProtocol.swift */,
				B7227C201F04E6B300B825F2 /* WildcardView_SwipingProtocol.swift */,
				B7227C221F04E70800B825F2 /* WildcardViewProtocols.swift */,
			);
			name = Wildcard;
			sourceTree = "<group>";
		};
		B733165D1F0114510002A50E = {
			isa = PBXGroup;
			children = (
				B73316681F0114510002A50E /* The Wild Card App */,
				B733167D1F0114510002A50E /* The Wild Card AppTests */,
				B73316881F0114510002A50E /* The Wild Card AppUITests */,
				B73316671F0114510002A50E /* Products */,
				5565114E4AE3902B472A6B04 /* Pods */,
				CC372664AAE936BA17202F0E /* Frameworks */,
			);
			sourceTree = "<group>";
		};
		B73316671F0114510002A50E /* Products */ = {
			isa = PBXGroup;
			children = (
				B73316661F0114510002A50E /* The Wild Card App.app */,
				B733167A1F0114510002A50E /* The Wild Card AppTests.xctest */,
				B73316851F0114510002A50E /* The Wild Card AppUITests.xctest */,
			);
			name = Products;
			sourceTree = "<group>";
		};
		B73316681F0114510002A50E /* The Wild Card App */ = {
			isa = PBXGroup;
			children = (
				B73316691F0114510002A50E /* AppDelegate.swift */,
				B7C333441F024BB000038D4B /* LoadingManager.swift */,
				B79700FE1F46E63F00C3A67C /* User */,
				B73316971F0116790002A50E /* Root */,
				B79700F11F46E25E00C3A67C /* Filter */,
				B73316B01F0119300002A50E /* Wildcards */,
				B73316D91F023E2C0002A50E /* Network */,
				B73316701F0114510002A50E /* Assets.xcassets */,
				B73316721F0114510002A50E /* LaunchScreen.storyboard */,
				B73316751F0114510002A50E /* Info.plist */,
			);
			path = "The Wild Card App";
			sourceTree = "<group>";
		};
		B733167D1F0114510002A50E /* The Wild Card AppTests */ = {
			isa = PBXGroup;
			children = (
				B733167E1F0114510002A50E /* The_Wild_Card_AppTests.swift */,
				B73316801F0114510002A50E /* Info.plist */,
			);
			path = "The Wild Card AppTests";
			sourceTree = "<group>";
		};
		B73316881F0114510002A50E /* The Wild Card AppUITests */ = {
			isa = PBXGroup;
			children = (
				B73316891F0114510002A50E /* The_Wild_Card_AppUITests.swift */,
				B733168B1F0114510002A50E /* Info.plist */,
			);
			path = "The Wild Card AppUITests";
			sourceTree = "<group>";
		};
		B73316971F0116790002A50E /* Root */ = {
			isa = PBXGroup;
			children = (
				B733169A1F0118430002A50E /* RootProtocols.swift */,
				B733169B1F0118430002A50E /* RootRouter.swift */,
			);
			name = Root;
			sourceTree = "<group>";
		};
		B73316B01F0119300002A50E /* Wildcards */ = {
			isa = PBXGroup;
			children = (
				B73316D51F023C980002A50E /* WildcardEntity.swift */,
				B73316B11F0119550002A50E /* WildcardsInteractor.swift */,
				B73316B21F0119550002A50E /* WildcardsPresenter.swift */,
				B73316B31F0119550002A50E /* WildcardsProtocols.swift */,
				B73316B41F0119550002A50E /* WildcardsRouter.swift */,
				B73316B51F0119550002A50E /* WildcardsViewController.swift */,
				B73316B61F0119550002A50E /* WildcardsViewController.xib */,
				B7227C1D1F04E06800B825F2 /* Wildcard */,
			);
			name = Wildcards;
			sourceTree = "<group>";
		};
		B73316D91F023E2C0002A50E /* Network */ = {
			isa = PBXGroup;
			children = (
				B73316DA1F023E3A0002A50E /* NetworkManager.swift */,
				B73316E21F023FDF0002A50E /* WildcardResponse.swift */,
				B73316DE1F023E8E0002A50E /* FetchCommand.swift */,
			);
			name = Network;
			sourceTree = "<group>";
		};
		B79700F11F46E25E00C3A67C /* Filter */ = {
			isa = PBXGroup;
			children = (
				B79700F21F46E27300C3A67C /* FilterInteractor.swift */,
				B79700F31F46E27300C3A67C /* FilterPresenter.swift */,
				B79700F41F46E27300C3A67C /* FilterProtocols.swift */,
				B79700F51F46E27300C3A67C /* FilterRouter.swift */,
				B79700F61F46E27300C3A67C /* FilterViewController.swift */,
				B79701011F46E74C00C3A67C /* FilterViewController_SliderDelegate.swift */,
				B79700F71F46E27300C3A67C /* FilterViewController.xib */,
			);
			name = Filter;
			sourceTree = "<group>";
		};
		B79700FE1F46E63F00C3A67C /* User */ = {
			isa = PBXGroup;
			children = (
				B79700FF1F46E64800C3A67C /* User.swift */,
			);
			name = User;
			sourceTree = "<group>";
		};
		CC372664AAE936BA17202F0E /* Frameworks */ = {
			isa = PBXGroup;
			children = (
				2D9BC3186F1B952BDD46BC55 /* Pods_The_Wild_Card_App.framework */,
				34AD2DDD5DE731AE0CFD6125 /* Pods_The_Wild_Card_AppTests.framework */,
				9FAC7D8D7911A277C149AE6E /* Pods_The_Wild_Card_AppUITests.framework */,
			);
			name = Frameworks;
			sourceTree = "<group>";
		};
/* End PBXGroup section */

/* Begin PBXNativeTarget section */
		B73316651F0114510002A50E /* The Wild Card App */ = {
			isa = PBXNativeTarget;
			buildConfigurationList = B733168E1F0114510002A50E /* Build configuration list for PBXNativeTarget "The Wild Card App" */;
			buildPhases = (
				20C6A4FE36DC33DF2A7F6B99 /* [CP] Check Pods Manifest.lock */,
				B73316621F0114510002A50E /* Sources */,
				B73316631F0114510002A50E /* Frameworks */,
				B73316641F0114510002A50E /* Resources */,
				3C8F2B926AF1DC851BB54ED1 /* [CP] Embed Pods Frameworks */,
				226610AD790C5FC396CE698E /* [CP] Copy Pods Resources */,
			);
			buildRules = (
			);
			dependencies = (
			);
			name = "The Wild Card App";
			productName = "The Wild Card App";
			productReference = B73316661F0114510002A50E /* The Wild Card App.app */;
			productType = "com.apple.product-type.application";
		};
		B73316791F0114510002A50E /* The Wild Card AppTests */ = {
			isa = PBXNativeTarget;
			buildConfigurationList = B73316911F0114510002A50E /* Build configuration list for PBXNativeTarget "The Wild Card AppTests" */;
			buildPhases = (
				F91EE9DD60F9825427900240 /* [CP] Check Pods Manifest.lock */,
				B73316761F0114510002A50E /* Sources */,
				B73316771F0114510002A50E /* Frameworks */,
				B73316781F0114510002A50E /* Resources */,
				06D7B400E849A94095D2599A /* [CP] Embed Pods Frameworks */,
				37BCBAD0A18B43701E2C4B3C /* [CP] Copy Pods Resources */,
			);
			buildRules = (
			);
			dependencies = (
				B733167C1F0114510002A50E /* PBXTargetDependency */,
			);
			name = "The Wild Card AppTests";
			productName = "The Wild Card AppTests";
			productReference = B733167A1F0114510002A50E /* The Wild Card AppTests.xctest */;
			productType = "com.apple.product-type.bundle.unit-test";
		};
		B73316841F0114510002A50E /* The Wild Card AppUITests */ = {
			isa = PBXNativeTarget;
			buildConfigurationList = B73316941F0114510002A50E /* Build configuration list for PBXNativeTarget "The Wild Card AppUITests" */;
			buildPhases = (
				7BB2AFD4C10F21776EB1A4AF /* [CP] Check Pods Manifest.lock */,
				B73316811F0114510002A50E /* Sources */,
				B73316821F0114510002A50E /* Frameworks */,
				B73316831F0114510002A50E /* Resources */,
				6BC447AFDE2FE32D1BF9F7B1 /* [CP] Embed Pods Frameworks */,
				3C7B8423E892C8A534808422 /* [CP] Copy Pods Resources */,
			);
			buildRules = (
			);
			dependencies = (
				B73316871F0114510002A50E /* PBXTargetDependency */,
			);
			name = "The Wild Card AppUITests";
			productName = "The Wild Card AppUITests";
			productReference = B73316851F0114510002A50E /* The Wild Card AppUITests.xctest */;
			productType = "com.apple.product-type.bundle.ui-testing";
		};
/* End PBXNativeTarget section */

/* Begin PBXProject section */
		B733165E1F0114510002A50E /* Project object */ = {
			isa = PBXProject;
			attributes = {
				LastSwiftUpdateCheck = 0830;
				LastUpgradeCheck = 0830;
				ORGANIZATIONNAME = "Tolga Caner";
				TargetAttributes = {
					B73316651F0114510002A50E = {
						CreatedOnToolsVersion = 8.3.3;
						DevelopmentTeam = VNG26U95QL;
						ProvisioningStyle = Automatic;
					};
					B73316791F0114510002A50E = {
						CreatedOnToolsVersion = 8.3.3;
						DevelopmentTeam = VNG26U95QL;
						ProvisioningStyle = Automatic;
						TestTargetID = B73316651F0114510002A50E;
					};
					B73316841F0114510002A50E = {
						CreatedOnToolsVersion = 8.3.3;
						DevelopmentTeam = VNG26U95QL;
						ProvisioningStyle = Automatic;
						TestTargetID = B73316651F0114510002A50E;
					};
				};
			};
			buildConfigurationList = B73316611F0114510002A50E /* Build configuration list for PBXProject "The Wild Card App" */;
			compatibilityVersion = "Xcode 3.2";
			developmentRegion = English;
			hasScannedForEncodings = 0;
			knownRegions = (
				en,
				Base,
			);
			mainGroup = B733165D1F0114510002A50E;
			productRefGroup = B73316671F0114510002A50E /* Products */;
			projectDirPath = "";
			projectRoot = "";
			targets = (
				B73316651F0114510002A50E /* The Wild Card App */,
				B73316791F0114510002A50E /* The Wild Card AppTests */,
				B73316841F0114510002A50E /* The Wild Card AppUITests */,
			);
		};
/* End PBXProject section */

/* Begin PBXResourcesBuildPhase section */
		B73316641F0114510002A50E /* Resources */ = {
			isa = PBXResourcesBuildPhase;
			buildActionMask = 2147483647;
			files = (
				B73316741F0114510002A50E /* LaunchScreen.storyboard in Resources */,
				B73316C61F0119550002A50E /* WildcardsViewController.xib in Resources */,
				B79700FD1F46E27300C3A67C /* FilterViewController.xib in Resources */,
				B73316711F0114510002A50E /* Assets.xcassets in Resources */,
			);
			runOnlyForDeploymentPostprocessing = 0;
		};
		B73316781F0114510002A50E /* Resources */ = {
			isa = PBXResourcesBuildPhase;
			buildActionMask = 2147483647;
			files = (
				B73316C71F0119550002A50E /* WildcardsViewController.xib in Resources */,
			);
			runOnlyForDeploymentPostprocessing = 0;
		};
		B73316831F0114510002A50E /* Resources */ = {
			isa = PBXResourcesBuildPhase;
			buildActionMask = 2147483647;
			files = (
				B73316C81F0119550002A50E /* WildcardsViewController.xib in Resources */,
			);
			runOnlyForDeploymentPostprocessing = 0;
		};
/* End PBXResourcesBuildPhase section */

/* Begin PBXShellScriptBuildPhase section */
		06D7B400E849A94095D2599A /* [CP] Embed Pods Frameworks */ = {
			isa = PBXShellScriptBuildPhase;
			buildActionMask = 2147483647;
			files = (
			);
			inputPaths = (
			);
			name = "[CP] Embed Pods Frameworks";
			outputPaths = (
			);
			runOnlyForDeploymentPostprocessing = 0;
			shellPath = /bin/sh;
			shellScript = "\"${SRCROOT}/Pods/Target Support Files/Pods-The Wild Card AppTests/Pods-The Wild Card AppTests-frameworks.sh\"\n";
			showEnvVarsInLog = 0;
		};
		20C6A4FE36DC33DF2A7F6B99 /* [CP] Check Pods Manifest.lock */ = {
			isa = PBXShellScriptBuildPhase;
			buildActionMask = 2147483647;
			files = (
			);
			inputPaths = (
			);
			name = "[CP] Check Pods Manifest.lock";
			outputPaths = (
			);
			runOnlyForDeploymentPostprocessing = 0;
			shellPath = /bin/sh;
			shellScript = "diff \"${PODS_ROOT}/../Podfile.lock\" \"${PODS_ROOT}/Manifest.lock\" > /dev/null\nif [ $? != 0 ] ; then\n    # print error to STDERR\n    echo \"error: The sandbox is not in sync with the Podfile.lock. Run 'pod install' or update your CocoaPods installation.\" >&2\n    exit 1\nfi\n";
			showEnvVarsInLog = 0;
		};
		226610AD790C5FC396CE698E /* [CP] Copy Pods Resources */ = {
			isa = PBXShellScriptBuildPhase;
			buildActionMask = 2147483647;
			files = (
			);
			inputPaths = (
			);
			name = "[CP] Copy Pods Resources";
			outputPaths = (
			);
			runOnlyForDeploymentPostprocessing = 0;
			shellPath = /bin/sh;
			shellScript = "\"${SRCROOT}/Pods/Target Support Files/Pods-The Wild Card App/Pods-The Wild Card App-resources.sh\"\n";
			showEnvVarsInLog = 0;
		};
		37BCBAD0A18B43701E2C4B3C /* [CP] Copy Pods Resources */ = {
			isa = PBXShellScriptBuildPhase;
			buildActionMask = 2147483647;
			files = (
			);
			inputPaths = (
			);
			name = "[CP] Copy Pods Resources";
			outputPaths = (
			);
			runOnlyForDeploymentPostprocessing = 0;
			shellPath = /bin/sh;
			shellScript = "\"${SRCROOT}/Pods/Target Support Files/Pods-The Wild Card AppTests/Pods-The Wild Card AppTests-resources.sh\"\n";
			showEnvVarsInLog = 0;
		};
		3C7B8423E892C8A534808422 /* [CP] Copy Pods Resources */ = {
			isa = PBXShellScriptBuildPhase;
			buildActionMask = 2147483647;
			files = (
			);
			inputPaths = (
			);
			name = "[CP] Copy Pods Resources";
			outputPaths = (
			);
			runOnlyForDeploymentPostprocessing = 0;
			shellPath = /bin/sh;
			shellScript = "\"${SRCROOT}/Pods/Target Support Files/Pods-The Wild Card AppUITests/Pods-The Wild Card AppUITests-resources.sh\"\n";
			showEnvVarsInLog = 0;
		};
		3C8F2B926AF1DC851BB54ED1 /* [CP] Embed Pods Frameworks */ = {
			isa = PBXShellScriptBuildPhase;
			buildActionMask = 2147483647;
			files = (
			);
			inputPaths = (
			);
			name = "[CP] Embed Pods Frameworks";
			outputPaths = (
			);
			runOnlyForDeploymentPostprocessing = 0;
			shellPath = /bin/sh;
			shellScript = "\"${SRCROOT}/Pods/Target Support Files/Pods-The Wild Card App/Pods-The Wild Card App-frameworks.sh\"\n";
			showEnvVarsInLog = 0;
		};
		6BC447AFDE2FE32D1BF9F7B1 /* [CP] Embed Pods Frameworks */ = {
			isa = PBXShellScriptBuildPhase;
			buildActionMask = 2147483647;
			files = (
			);
			inputPaths = (
			);
			name = "[CP] Embed Pods Frameworks";
			outputPaths = (
			);
			runOnlyForDeploymentPostprocessing = 0;
			shellPath = /bin/sh;
			shellScript = "\"${SRCROOT}/Pods/Target Support Files/Pods-The Wild Card AppUITests/Pods-The Wild Card AppUITests-frameworks.sh\"\n";
			showEnvVarsInLog = 0;
		};
		7BB2AFD4C10F21776EB1A4AF /* [CP] Check Pods Manifest.lock */ = {
			isa = PBXShellScriptBuildPhase;
			buildActionMask = 2147483647;
			files = (
			);
			inputPaths = (
			);
			name = "[CP] Check Pods Manifest.lock";
			outputPaths = (
			);
			runOnlyForDeploymentPostprocessing = 0;
			shellPath = /bin/sh;
			shellScript = "diff \"${PODS_ROOT}/../Podfile.lock\" \"${PODS_ROOT}/Manifest.lock\" > /dev/null\nif [ $? != 0 ] ; then\n    # print error to STDERR\n    echo \"error: The sandbox is not in sync with the Podfile.lock. Run 'pod install' or update your CocoaPods installation.\" >&2\n    exit 1\nfi\n";
			showEnvVarsInLog = 0;
		};
		F91EE9DD60F9825427900240 /* [CP] Check Pods Manifest.lock */ = {
			isa = PBXShellScriptBuildPhase;
			buildActionMask = 2147483647;
			files = (
			);
			inputPaths = (
			);
			name = "[CP] Check Pods Manifest.lock";
			outputPaths = (
			);
			runOnlyForDeploymentPostprocessing = 0;
			shellPath = /bin/sh;
			shellScript = "diff \"${PODS_ROOT}/../Podfile.lock\" \"${PODS_ROOT}/Manifest.lock\" > /dev/null\nif [ $? != 0 ] ; then\n    # print error to STDERR\n    echo \"error: The sandbox is not in sync with the Podfile.lock. Run 'pod install' or update your CocoaPods installation.\" >&2\n    exit 1\nfi\n";
			showEnvVarsInLog = 0;
		};
/* End PBXShellScriptBuildPhase section */

/* Begin PBXSourcesBuildPhase section */
		B73316621F0114510002A50E /* Sources */ = {
			isa = PBXSourcesBuildPhase;
			buildActionMask = 2147483647;
			files = (
				B79701001F46E64800C3A67C /* User.swift in Sources */,
				B7227C231F04E70800B825F2 /* WildcardViewProtocols.swift in Sources */,
				B73316B71F0119550002A50E /* WildcardsInteractor.swift in Sources */,
				B79700F81F46E27300C3A67C /* FilterInteractor.swift in Sources */,
				B73316DF1F023E8E0002A50E /* FetchCommand.swift in Sources */,
				B79700FA1F46E27300C3A67C /* FilterProtocols.swift in Sources */,
				B73316BD1F0119550002A50E /* WildcardsProtocols.swift in Sources */,
				B73316A71F0118430002A50E /* RootRouter.swift in Sources */,
				B7227C1C1F04DD4800B825F2 /* WildcardView_ViewSetupProtocol.swift in Sources */,
				B73316DB1F023E3A0002A50E /* NetworkManager.swift in Sources */,
				B79700F91F46E27300C3A67C /* FilterPresenter.swift in Sources */,
				B733166A1F0114510002A50E /* AppDelegate.swift in Sources */,
				B73316C31F0119550002A50E /* WildcardsViewController.swift in Sources */,
				B73316CA1F0131CE0002A50E /* WildcardView.swift in Sources */,
				B7227C1F1F04E09C00B825F2 /* WildcardView_DraggingProtocol.swift in Sources */,
				B7C333451F024BB000038D4B /* LoadingManager.swift in Sources */,
				B73316D61F023C980002A50E /* WildcardEntity.swift in Sources */,
				B73316D21F023AA40002A50E /* WildcardContainer.swift in Sources */,
				B73316C01F0119550002A50E /* WildcardsRouter.swift in Sources */,
				B7227C211F04E6B300B825F2 /* WildcardView_SwipingProtocol.swift in Sources */,
				B79700FC1F46E27300C3A67C /* FilterViewController.swift in Sources */,
				B73316BA1F0119550002A50E /* WildcardsPresenter.swift in Sources */,
				B79700FB1F46E27300C3A67C /* FilterRouter.swift in Sources */,
				B73316A41F0118430002A50E /* RootProtocols.swift in Sources */,
				B79701021F46E74C00C3A67C /* FilterViewController_SliderDelegate.swift in Sources */,
				B73316CE1F01369D0002A50E /* OverlayView.swift in Sources */,
				B73316E31F023FDF0002A50E /* WildcardResponse.swift in Sources */,
			);
			runOnlyForDeploymentPostprocessing = 0;
		};
		B73316761F0114510002A50E /* Sources */ = {
			isa = PBXSourcesBuildPhase;
			buildActionMask = 2147483647;
			files = (
				B7227C2C1F05395A00B825F2 /* LoadingManager.swift in Sources */,
				B7227C241F04F26400B825F2 /* WildcardViewProtocols.swift in Sources */,
				B73316B81F0119550002A50E /* WildcardsInteractor.swift in Sources */,
				B73316E01F023E8E0002A50E /* FetchCommand.swift in Sources */,
				B73316BE1F0119550002A50E /* WildcardsProtocols.swift in Sources */,
				B73316A81F0118430002A50E /* RootRouter.swift in Sources */,
				B73316DC1F023E3A0002A50E /* NetworkManager.swift in Sources */,
				B733167F1F0114510002A50E /* The_Wild_Card_AppTests.swift in Sources */,
				B73316C41F0119550002A50E /* WildcardsViewController.swift in Sources */,
				B7227C261F04F26700B825F2 /* WildcardView_SwipingProtocol.swift in Sources */,
				B7227C281F04F26A00B825F2 /* WildcardView_DraggingProtocol.swift in Sources */,
				B73316CB1F0131CE0002A50E /* WildcardView.swift in Sources */,
				B73316D71F023C980002A50E /* WildcardEntity.swift in Sources */,
				B73316D31F023AA40002A50E /* WildcardContainer.swift in Sources */,
				B73316C11F0119550002A50E /* WildcardsRouter.swift in Sources */,
				B73316BB1F0119550002A50E /* WildcardsPresenter.swift in Sources */,
				B73316A51F0118430002A50E /* RootProtocols.swift in Sources */,
				B7227C2A1F04F26D00B825F2 /* WildcardView_ViewSetupProtocol.swift in Sources */,
				B73316CF1F01369D0002A50E /* OverlayView.swift in Sources */,
				B73316E41F023FDF0002A50E /* WildcardResponse.swift in Sources */,
			);
			runOnlyForDeploymentPostprocessing = 0;
		};
		B73316811F0114510002A50E /* Sources */ = {
			isa = PBXSourcesBuildPhase;
			buildActionMask = 2147483647;
			files = (
				B7227C2D1F05395B00B825F2 /* LoadingManager.swift in Sources */,
				B7227C251F04F26400B825F2 /* WildcardViewProtocols.swift in Sources */,
				B73316B91F0119550002A50E /* WildcardsInteractor.swift in Sources */,
				B73316E11F023E8E0002A50E /* FetchCommand.swift in Sources */,
				B73316BF1F0119550002A50E /* WildcardsProtocols.swift in Sources */,
				B73316A91F0118430002A50E /* RootRouter.swift in Sources */,
				B73316DD1F023E3A0002A50E /* NetworkManager.swift in Sources */,
				B733168A1F0114510002A50E /* The_Wild_Card_AppUITests.swift in Sources */,
				B73316C51F0119550002A50E /* WildcardsViewController.swift in Sources */,
				B7227C271F04F26700B825F2 /* WildcardView_SwipingProtocol.swift in Sources */,
				B7227C291F04F26A00B825F2 /* WildcardView_DraggingProtocol.swift in Sources */,
				B73316CC1F0131CE0002A50E /* WildcardView.swift in Sources */,
				B73316D81F023C980002A50E /* WildcardEntity.swift in Sources */,
				B73316D41F023AA40002A50E /* WildcardContainer.swift in Sources */,
				B73316C21F0119550002A50E /* WildcardsRouter.swift in Sources */,
				B73316BC1F0119550002A50E /* WildcardsPresenter.swift in Sources */,
				B73316A61F0118430002A50E /* RootProtocols.swift in Sources */,
				B7227C2B1F04F26D00B825F2 /* WildcardView_ViewSetupProtocol.swift in Sources */,
				B73316D01F01369D0002A50E /* OverlayView.swift in Sources */,
				B73316E51F023FDF0002A50E /* WildcardResponse.swift in Sources */,
			);
			runOnlyForDeploymentPostprocessing = 0;
		};
/* End PBXSourcesBuildPhase section */

/* Begin PBXTargetDependency section */
		B733167C1F0114510002A50E /* PBXTargetDependency */ = {
			isa = PBXTargetDependency;
			target = B73316651F0114510002A50E /* The Wild Card App */;
			targetProxy = B733167B1F0114510002A50E /* PBXContainerItemProxy */;
		};
		B73316871F0114510002A50E /* PBXTargetDependency */ = {
			isa = PBXTargetDependency;
			target = B73316651F0114510002A50E /* The Wild Card App */;
			targetProxy = B73316861F0114510002A50E /* PBXContainerItemProxy */;
		};
/* End PBXTargetDependency section */

/* Begin PBXVariantGroup section */
		B73316721F0114510002A50E /* LaunchScreen.storyboard */ = {
			isa = PBXVariantGroup;
			children = (
				B73316731F0114510002A50E /* Base */,
			);
			name = LaunchScreen.storyboard;
			sourceTree = "<group>";
		};
/* End PBXVariantGroup section */

/* Begin XCBuildConfiguration section */
		B733168C1F0114510002A50E /* Debug */ = {
			isa = XCBuildConfiguration;
			buildSettings = {
				ALWAYS_SEARCH_USER_PATHS = NO;
				CLANG_ANALYZER_NONNULL = YES;
				CLANG_ANALYZER_NUMBER_OBJECT_CONVERSION = YES_AGGRESSIVE;
				CLANG_CXX_LANGUAGE_STANDARD = "gnu++0x";
				CLANG_CXX_LIBRARY = "libc++";
				CLANG_ENABLE_MODULES = YES;
				CLANG_ENABLE_OBJC_ARC = YES;
				CLANG_WARN_BOOL_CONVERSION = YES;
				CLANG_WARN_CONSTANT_CONVERSION = YES;
				CLANG_WARN_DIRECT_OBJC_ISA_USAGE = YES_ERROR;
				CLANG_WARN_DOCUMENTATION_COMMENTS = YES;
				CLANG_WARN_EMPTY_BODY = YES;
				CLANG_WARN_ENUM_CONVERSION = YES;
				CLANG_WARN_INFINITE_RECURSION = YES;
				CLANG_WARN_INT_CONVERSION = YES;
				CLANG_WARN_OBJC_ROOT_CLASS = YES_ERROR;
				CLANG_WARN_SUSPICIOUS_MOVE = YES;
				CLANG_WARN_UNREACHABLE_CODE = YES;
				CLANG_WARN__DUPLICATE_METHOD_MATCH = YES;
				"CODE_SIGN_IDENTITY[sdk=iphoneos*]" = "iPhone Developer";
				COPY_PHASE_STRIP = NO;
				DEBUG_INFORMATION_FORMAT = dwarf;
				ENABLE_STRICT_OBJC_MSGSEND = YES;
				ENABLE_TESTABILITY = YES;
				GCC_C_LANGUAGE_STANDARD = gnu99;
				GCC_DYNAMIC_NO_PIC = NO;
				GCC_NO_COMMON_BLOCKS = YES;
				GCC_OPTIMIZATION_LEVEL = 0;
				GCC_PREPROCESSOR_DEFINITIONS = (
					"DEBUG=1",
					"$(inherited)",
				);
				GCC_WARN_64_TO_32_BIT_CONVERSION = YES;
				GCC_WARN_ABOUT_RETURN_TYPE = YES_ERROR;
				GCC_WARN_UNDECLARED_SELECTOR = YES;
				GCC_WARN_UNINITIALIZED_AUTOS = YES_AGGRESSIVE;
				GCC_WARN_UNUSED_FUNCTION = YES;
				GCC_WARN_UNUSED_VARIABLE = YES;
				IPHONEOS_DEPLOYMENT_TARGET = 10.3;
				MTL_ENABLE_DEBUG_INFO = YES;
				ONLY_ACTIVE_ARCH = YES;
				SDKROOT = iphoneos;
				SWIFT_ACTIVE_COMPILATION_CONDITIONS = DEBUG;
				SWIFT_OPTIMIZATION_LEVEL = "-Onone";
			};
			name = Debug;
		};
		B733168D1F0114510002A50E /* Release */ = {
			isa = XCBuildConfiguration;
			buildSettings = {
				ALWAYS_SEARCH_USER_PATHS = NO;
				CLANG_ANALYZER_NONNULL = YES;
				CLANG_ANALYZER_NUMBER_OBJECT_CONVERSION = YES_AGGRESSIVE;
				CLANG_CXX_LANGUAGE_STANDARD = "gnu++0x";
				CLANG_CXX_LIBRARY = "libc++";
				CLANG_ENABLE_MODULES = YES;
				CLANG_ENABLE_OBJC_ARC = YES;
				CLANG_WARN_BOOL_CONVERSION = YES;
				CLANG_WARN_CONSTANT_CONVERSION = YES;
				CLANG_WARN_DIRECT_OBJC_ISA_USAGE = YES_ERROR;
				CLANG_WARN_DOCUMENTATION_COMMENTS = YES;
				CLANG_WARN_EMPTY_BODY = YES;
				CLANG_WARN_ENUM_CONVERSION = YES;
				CLANG_WARN_INFINITE_RECURSION = YES;
				CLANG_WARN_INT_CONVERSION = YES;
				CLANG_WARN_OBJC_ROOT_CLASS = YES_ERROR;
				CLANG_WARN_SUSPICIOUS_MOVE = YES;
				CLANG_WARN_UNREACHABLE_CODE = YES;
				CLANG_WARN__DUPLICATE_METHOD_MATCH = YES;
				"CODE_SIGN_IDENTITY[sdk=iphoneos*]" = "iPhone Developer";
				COPY_PHASE_STRIP = NO;
				DEBUG_INFORMATION_FORMAT = "dwarf-with-dsym";
				ENABLE_NS_ASSERTIONS = NO;
				ENABLE_STRICT_OBJC_MSGSEND = YES;
				GCC_C_LANGUAGE_STANDARD = gnu99;
				GCC_NO_COMMON_BLOCKS = YES;
				GCC_WARN_64_TO_32_BIT_CONVERSION = YES;
				GCC_WARN_ABOUT_RETURN_TYPE = YES_ERROR;
				GCC_WARN_UNDECLARED_SELECTOR = YES;
				GCC_WARN_UNINITIALIZED_AUTOS = YES_AGGRESSIVE;
				GCC_WARN_UNUSED_FUNCTION = YES;
				GCC_WARN_UNUSED_VARIABLE = YES;
				IPHONEOS_DEPLOYMENT_TARGET = 10.3;
				MTL_ENABLE_DEBUG_INFO = NO;
				SDKROOT = iphoneos;
				SWIFT_OPTIMIZATION_LEVEL = "-Owholemodule";
				VALIDATE_PRODUCT = YES;
			};
			name = Release;
		};
		B733168F1F0114510002A50E /* Debug */ = {
			isa = XCBuildConfiguration;
			baseConfigurationReference = 9CB3548174120CBD800D819F /* Pods-The Wild Card App.debug.xcconfig */;
			buildSettings = {
				ALWAYS_EMBED_SWIFT_STANDARD_LIBRARIES = "$(inherited)";
				ASSETCATALOG_COMPILER_APPICON_NAME = AppIcon;
				DEVELOPMENT_TEAM = VNG26U95QL;
				INFOPLIST_FILE = "The Wild Card App/Info.plist";
				IPHONEOS_DEPLOYMENT_TARGET = 9.0;
				LD_RUNPATH_SEARCH_PATHS = "$(inherited) @executable_path/Frameworks";
				PRODUCT_BUNDLE_IDENTIFIER = "com.caner.tolga.The-Wild-Card-App";
				PRODUCT_NAME = "$(TARGET_NAME)";
				SWIFT_VERSION = 3.0;
			};
			name = Debug;
		};
		B73316901F0114510002A50E /* Release */ = {
			isa = XCBuildConfiguration;
			baseConfigurationReference = F468F9D1F7C16D37E78C93FF /* Pods-The Wild Card App.release.xcconfig */;
			buildSettings = {
				ALWAYS_EMBED_SWIFT_STANDARD_LIBRARIES = "$(inherited)";
				ASSETCATALOG_COMPILER_APPICON_NAME = AppIcon;
				DEVELOPMENT_TEAM = VNG26U95QL;
				INFOPLIST_FILE = "The Wild Card App/Info.plist";
				IPHONEOS_DEPLOYMENT_TARGET = 9.0;
				LD_RUNPATH_SEARCH_PATHS = "$(inherited) @executable_path/Frameworks";
				PRODUCT_BUNDLE_IDENTIFIER = "com.caner.tolga.The-Wild-Card-App";
				PRODUCT_NAME = "$(TARGET_NAME)";
				SWIFT_VERSION = 3.0;
			};
			name = Release;
		};
		B73316921F0114510002A50E /* Debug */ = {
			isa = XCBuildConfiguration;
			baseConfigurationReference = F72BF0D207D13606145B7627 /* Pods-The Wild Card AppTests.debug.xcconfig */;
			buildSettings = {
				ALWAYS_EMBED_SWIFT_STANDARD_LIBRARIES = "$(inherited)";
				BUNDLE_LOADER = "$(TEST_HOST)";
				DEVELOPMENT_TEAM = VNG26U95QL;
				INFOPLIST_FILE = "The Wild Card AppTests/Info.plist";
				LD_RUNPATH_SEARCH_PATHS = "$(inherited) @executable_path/Frameworks @loader_path/Frameworks";
				PRODUCT_BUNDLE_IDENTIFIER = "com.caner.tolga.The-Wild-Card-AppTests";
				PRODUCT_NAME = "$(TARGET_NAME)";
				SWIFT_VERSION = 3.0;
				TEST_HOST = "$(BUILT_PRODUCTS_DIR)/The Wild Card App.app/The Wild Card App";
			};
			name = Debug;
		};
		B73316931F0114510002A50E /* Release */ = {
			isa = XCBuildConfiguration;
			baseConfigurationReference = 0CC5EF3B44EF38C02ADFA40A /* Pods-The Wild Card AppTests.release.xcconfig */;
			buildSettings = {
				ALWAYS_EMBED_SWIFT_STANDARD_LIBRARIES = "$(inherited)";
				BUNDLE_LOADER = "$(TEST_HOST)";
				DEVELOPMENT_TEAM = VNG26U95QL;
				INFOPLIST_FILE = "The Wild Card AppTests/Info.plist";
				LD_RUNPATH_SEARCH_PATHS = "$(inherited) @executable_path/Frameworks @loader_path/Frameworks";
				PRODUCT_BUNDLE_IDENTIFIER = "com.caner.tolga.The-Wild-Card-AppTests";
				PRODUCT_NAME = "$(TARGET_NAME)";
				SWIFT_VERSION = 3.0;
				TEST_HOST = "$(BUILT_PRODUCTS_DIR)/The Wild Card App.app/The Wild Card App";
			};
			name = Release;
		};
		B73316951F0114510002A50E /* Debug */ = {
			isa = XCBuildConfiguration;
			baseConfigurationReference = 60B265FECF0C1775FED145BA /* Pods-The Wild Card AppUITests.debug.xcconfig */;
			buildSettings = {
				ALWAYS_EMBED_SWIFT_STANDARD_LIBRARIES = "$(inherited)";
				DEVELOPMENT_TEAM = VNG26U95QL;
				INFOPLIST_FILE = "The Wild Card AppUITests/Info.plist";
				LD_RUNPATH_SEARCH_PATHS = "$(inherited) @executable_path/Frameworks @loader_path/Frameworks";
				PRODUCT_BUNDLE_IDENTIFIER = "com.caner.tolga.The-Wild-Card-AppUITests";
				PRODUCT_NAME = "$(TARGET_NAME)";
				SWIFT_VERSION = 3.0;
				TEST_TARGET_NAME = "The Wild Card App";
			};
			name = Debug;
		};
		B73316961F0114510002A50E /* Release */ = {
			isa = XCBuildConfiguration;
			baseConfigurationReference = 02641D80EAC02F4125048C67 /* Pods-The Wild Card AppUITests.release.xcconfig */;
			buildSettings = {
				ALWAYS_EMBED_SWIFT_STANDARD_LIBRARIES = "$(inherited)";
				DEVELOPMENT_TEAM = VNG26U95QL;
				INFOPLIST_FILE = "The Wild Card AppUITests/Info.plist";
				LD_RUNPATH_SEARCH_PATHS = "$(inherited) @executable_path/Frameworks @loader_path/Frameworks";
				PRODUCT_BUNDLE_IDENTIFIER = "com.caner.tolga.The-Wild-Card-AppUITests";
				PRODUCT_NAME = "$(TARGET_NAME)";
				SWIFT_VERSION = 3.0;
				TEST_TARGET_NAME = "The Wild Card App";
			};
			name = Release;
		};
/* End XCBuildConfiguration section */

/* Begin XCConfigurationList section */
		B73316611F0114510002A50E /* Build configuration list for PBXProject "The Wild Card App" */ = {
			isa = XCConfigurationList;
			buildConfigurations = (
				B733168C1F0114510002A50E /* Debug */,
				B733168D1F0114510002A50E /* Release */,
			);
			defaultConfigurationIsVisible = 0;
			defaultConfigurationName = Release;
		};
		B733168E1F0114510002A50E /* Build configuration list for PBXNativeTarget "The Wild Card App" */ = {
			isa = XCConfigurationList;
			buildConfigurations = (
				B733168F1F0114510002A50E /* Debug */,
				B73316901F0114510002A50E /* Release */,
			);
			defaultConfigurationIsVisible = 0;
			defaultConfigurationName = Release;
		};
		B73316911F0114510002A50E /* Build configuration list for PBXNativeTarget "The Wild Card AppTests" */ = {
			isa = XCConfigurationList;
			buildConfigurations = (
				B73316921F0114510002A50E /* Debug */,
				B73316931F0114510002A50E /* Release */,
			);
			defaultConfigurationIsVisible = 0;
			defaultConfigurationName = Release;
		};
		B73316941F0114510002A50E /* Build configuration list for PBXNativeTarget "The Wild Card AppUITests" */ = {
			isa = XCConfigurationList;
			buildConfigurations = (
				B73316951F0114510002A50E /* Debug */,
				B73316961F0114510002A50E /* Release */,
			);
			defaultConfigurationIsVisible = 0;
			defaultConfigurationName = Release;
		};
/* End XCConfigurationList section */
	};
	rootObject = B733165E1F0114510002A50E /* Project object */;
}
